
Microsoft Visual Studio Solution File, Format Version 12.00
# Visual Studio Version 16
VisualStudioVersion = 16.0.30114.105
MinimumVisualStudioVersion = 10.0.40219.1
Project("{FAE04EC0-301F-11D3-BF4B-00C04F79EFBC}") = "User.Api", "User.Api\User.Api.csproj", "{14FEFC84-35BB-4E1B-A976-97D984448B9D}"
EndProject
Project("{FAE04EC0-301F-11D3-BF4B-00C04F79EFBC}") = "User.Application", "User.Application\User.Application.csproj", "{0779ED2D-9259-4B82-A176-8F9F368C2AD3}"
EndProject
Project("{FAE04EC0-301F-11D3-BF4B-00C04F79EFBC}") = "User.Contracts", "User.Contracts\User.Contracts.csproj", "{30076DC1-60E2-41D8-B3B0-63E93198DA12}"
EndProject
Project("{FAE04EC0-301F-11D3-BF4B-00C04F79EFBC}") = "User.Domain", "User.Domain\User.Domain.csproj", "{35EF5C10-31A5-4D33-9E32-34B518DC112F}"
EndProject
Project("{FAE04EC0-301F-11D3-BF4B-00C04F79EFBC}") = "User.Infrastructure", "User.Infrastructure\User.Infrastructure.csproj", "{53E8844E-A1C9-4990-86B4-5C2CBAE45D44}"
EndProject
Project("{FAE04EC0-301F-11D3-BF4B-00C04F79EFBC}") = "User.Permissions", "User.Permissions\User.Permissions.csproj", "{27905C02-2DBE-499A-BF29-62C88B070309}"
EndProject
Global
	GlobalSection(SolutionConfigurationPlatforms) = preSolution
		Debug|Any CPU = Debug|Any CPU
		Release|Any CPU = Release|Any CPU
	EndGlobalSection
	GlobalSection(SolutionProperties) = preSolution
		HideSolutionNode = FALSE
	EndGlobalSection
	GlobalSection(ProjectConfigurationPlatforms) = postSolution
		{14FEFC84-35BB-4E1B-A976-97D984448B9D}.Debug|Any CPU.ActiveCfg = Debug|Any CPU
		{14FEFC84-35BB-4E1B-A976-97D984448B9D}.Debug|Any CPU.Build.0 = Debug|Any CPU
		{14FEFC84-35BB-4E1B-A976-97D984448B9D}.Release|Any CPU.ActiveCfg = Release|Any CPU
		{14FEFC84-35BB-4E1B-A976-97D984448B9D}.Release|Any CPU.Build.0 = Release|Any CPU
		{0779ED2D-9259-4B82-A176-8F9F368C2AD3}.Debug|Any CPU.ActiveCfg = Debug|Any CPU
		{0779ED2D-9259-4B82-A176-8F9F368C2AD3}.Debug|Any CPU.Build.0 = Debug|Any CPU
		{0779ED2D-9259-4B82-A176-8F9F368C2AD3}.Release|Any CPU.ActiveCfg = Release|Any CPU
		{0779ED2D-9259-4B82-A176-8F9F368C2AD3}.Release|Any CPU.Build.0 = Release|Any CPU
		{30076DC1-60E2-41D8-B3B0-63E93198DA12}.Debug|Any CPU.ActiveCfg = Debug|Any CPU
		{30076DC1-60E2-41D8-B3B0-63E93198DA12}.Debug|Any CPU.Build.0 = Debug|Any CPU
		{30076DC1-60E2-41D8-B3B0-63E93198DA12}.Release|Any CPU.ActiveCfg = Release|Any CPU
		{30076DC1-60E2-41D8-B3B0-63E93198DA12}.Release|Any CPU.Build.0 = Release|Any CPU
		{35EF5C10-31A5-4D33-9E32-34B518DC112F}.Debug|Any CPU.ActiveCfg = Debug|Any CPU
		{35EF5C10-31A5-4D33-9E32-34B518DC112F}.Debug|Any CPU.Build.0 = Debug|Any CPU
		{35EF5C10-31A5-4D33-9E32-34B518DC112F}.Release|Any CPU.ActiveCfg = Release|Any CPU
		{35EF5C10-31A5-4D33-9E32-34B518DC112F}.Release|Any CPU.Build.0 = Release|Any CPU
		{53E8844E-A1C9-4990-86B4-5C2CBAE45D44}.Debug|Any CPU.ActiveCfg = Debug|Any CPU
		{53E8844E-A1C9-4990-86B4-5C2CBAE45D44}.Debug|Any CPU.Build.0 = Debug|Any CPU
		{53E8844E-A1C9-4990-86B4-5C2CBAE45D44}.Release|Any CPU.ActiveCfg = Release|Any CPU
		{53E8844E-A1C9-4990-86B4-5C2CBAE45D44}.Release|Any CPU.Build.0 = Release|Any CPU
		{27905C02-2DBE-499A-BF29-62C88B070309}.Debug|Any CPU.ActiveCfg = Debug|Any CPU
		{27905C02-2DBE-499A-BF29-62C88B070309}.Debug|Any CPU.Build.0 = Debug|Any CPU
		{27905C02-2DBE-499A-BF29-62C88B070309}.Release|Any CPU.ActiveCfg = Release|Any CPU
		{27905C02-2DBE-499A-BF29-62C88B070309}.Release|Any CPU.Build.0 = Release|Any CPU
	EndGlobalSection
EndGlobal
